
Microsoft Visual Studio Solution File, Format Version 12.00
# Visual Studio Version 17
VisualStudioVersion = 17.0.32014.148
MinimumVisualStudioVersion = 10.0.40219.1
Project("{FAE04EC0-301F-11D3-BF4B-00C04F79EFBC}") = "NugetDemo", "NugetDemo\NugetDemo.csproj", "{4963A8F4-3689-4F6C-8F17-3E9F46A129FF}"
EndProject
Project("{FAE04EC0-301F-11D3-BF4B-00C04F79EFBC}") = "NugetDemoTests", "NugetDemoTests\NugetDemoTests.csproj", "{D7CA06C1-7D33-4A7D-83B1-C2A47BD99709}"
EndProject
Global
	GlobalSection(SolutionConfigurationPlatforms) = preSolution
		Debug|Any CPU = Debug|Any CPU
		Release|Any CPU = Release|Any CPU
	EndGlobalSection
	GlobalSection(ProjectConfigurationPlatforms) = postSolution
		{4963A8F4-3689-4F6C-8F17-3E9F46A129FF}.Debug|Any CPU.ActiveCfg = Debug|Any CPU
		{4963A8F4-3689-4F6C-8F17-3E9F46A129FF}.Debug|Any CPU.Build.0 = Debug|Any CPU
		{4963A8F4-3689-4F6C-8F17-3E9F46A129FF}.Release|Any CPU.ActiveCfg = Release|Any CPU
		{4963A8F4-3689-4F6C-8F17-3E9F46A129FF}.Release|Any CPU.Build.0 = Release|Any CPU
		{D7CA06C1-7D33-4A7D-83B1-C2A47BD99709}.Debug|Any CPU.ActiveCfg = Debug|Any CPU
		{D7CA06C1-7D33-4A7D-83B1-C2A47BD99709}.Debug|Any CPU.Build.0 = Debug|Any CPU
		{D7CA06C1-7D33-4A7D-83B1-C2A47BD99709}.Release|Any CPU.ActiveCfg = Release|Any CPU
		{D7CA06C1-7D33-4A7D-83B1-C2A47BD99709}.Release|Any CPU.Build.0 = Release|Any CPU
	EndGlobalSection
	GlobalSection(SolutionProperties) = preSolution
		HideSolutionNode = FALSE
	EndGlobalSection
	GlobalSection(ExtensibilityGlobals) = postSolution
		SolutionGuid = {6980DA53-ACDC-4DE9-9529-41699D5F8A12}
	EndGlobalSection
EndGlobal
